# THIS IS AN AUTOGENERATED FILE. DO NOT EDIT THIS FILE DIRECTLY.
# yarn lockfile v1


"@ctxify/dotaccess@^1.0.0":
  version "1.0.0"
  resolved "https://registry.yarnpkg.com/@ctxify/dotaccess/-/dotaccess-1.0.0.tgz#ba8031fe502a97c231b83198db156c51f6a553d5"
  integrity sha512-gZHSRb9jMRw+yfqjfqrCl+IVglUL4UkmyQ+bE7hr1SjC7u4n9aKMA/PV5ZaZxVc0Kz3AwC+i1HZUOBQsBmX0YA==

moment@^2.24.0:
  version "2.29.2"
  resolved "https://registry.yarnpkg.com/moment/-/moment-2.29.2.tgz#00910c60b20843bcba52d37d58c628b47b1f20e4"
  integrity sha512-UgzG4rvxYpN15jgCmVJwac49h9ly9NurikMWGPdVxm8GZD6XjkKPxDTjQQ43gtGgnV3X0cAyWDdP2Wexoquifg==
